
Microsoft Visual Studio Solution File, Format Version 12.00
# Visual Studio Version 16
VisualStudioVersion = 16.0.31624.102
MinimumVisualStudioVersion = 10.0.40219.1
Project("{9A19103F-16F7-4668-BE54-9A1E7A4F7556}") = "FleetManager.Desktop", "FleetManager.Desktop\FleetManager.Desktop.csproj", "{C23EC10E-51CE-4F26-A051-8F483FDF1C24}"
EndProject
Project("{FAE04EC0-301F-11D3-BF4B-00C04F79EFBC}") = "FleetManager.Desktop.Data", "FleetManager.Desktop.Data\FleetManager.Desktop.Data.csproj", "{94D42FED-99EB-408B-870D-2B6E9010243B}"
EndProject
Project("{FAE04EC0-301F-11D3-BF4B-00C04F79EFBC}") = "FleetManager.Desktop.Model", "FleetManager.Desktop.Model\FleetManager.Desktop.Model.csproj", "{B98CBFE6-B2DC-4DA6-A4CF-9C39E77D9388}"
EndProject
Global
	GlobalSection(SolutionConfigurationPlatforms) = preSolution
		Debug|Any CPU = Debug|Any CPU
		Release|Any CPU = Release|Any CPU
	EndGlobalSection
	GlobalSection(ProjectConfigurationPlatforms) = postSolution
		{C23EC10E-51CE-4F26-A051-8F483FDF1C24}.Debug|Any CPU.ActiveCfg = Debug|Any CPU
		{C23EC10E-51CE-4F26-A051-8F483FDF1C24}.Debug|Any CPU.Build.0 = Debug|Any CPU
		{C23EC10E-51CE-4F26-A051-8F483FDF1C24}.Release|Any CPU.ActiveCfg = Release|Any CPU
		{C23EC10E-51CE-4F26-A051-8F483FDF1C24}.Release|Any CPU.Build.0 = Release|Any CPU
		{94D42FED-99EB-408B-870D-2B6E9010243B}.Debug|Any CPU.ActiveCfg = Debug|Any CPU
		{94D42FED-99EB-408B-870D-2B6E9010243B}.Debug|Any CPU.Build.0 = Debug|Any CPU
		{94D42FED-99EB-408B-870D-2B6E9010243B}.Release|Any CPU.ActiveCfg = Release|Any CPU
		{94D42FED-99EB-408B-870D-2B6E9010243B}.Release|Any CPU.Build.0 = Release|Any CPU
		{B98CBFE6-B2DC-4DA6-A4CF-9C39E77D9388}.Debug|Any CPU.ActiveCfg = Debug|Any CPU
		{B98CBFE6-B2DC-4DA6-A4CF-9C39E77D9388}.Debug|Any CPU.Build.0 = Debug|Any CPU
		{B98CBFE6-B2DC-4DA6-A4CF-9C39E77D9388}.Release|Any CPU.ActiveCfg = Release|Any CPU
		{B98CBFE6-B2DC-4DA6-A4CF-9C39E77D9388}.Release|Any CPU.Build.0 = Release|Any CPU
	EndGlobalSection
	GlobalSection(SolutionProperties) = preSolution
		HideSolutionNode = FALSE
	EndGlobalSection
	GlobalSection(ExtensibilityGlobals) = postSolution
		SolutionGuid = {743BF0C8-DC5F-422B-9F58-F8E505606CE9}
	EndGlobalSection
EndGlobal
