
Microsoft Visual Studio Solution File, Format Version 12.00
# Visual Studio Version 16
VisualStudioVersion = 16.0.31624.102
MinimumVisualStudioVersion = 10.0.40219.1
Project("{9A19103F-16F7-4668-BE54-9A1E7A4F7556}") = "FleetManager.DataAccessLayer", "FleetManager.DataAccessLayer\FleetManager.DataAccessLayer.csproj", "{8BA1D777-E666-4DE8-8304-20B3DBD69D8F}"
EndProject
Project("{9A19103F-16F7-4668-BE54-9A1E7A4F7556}") = "FleetManager.Database", "FleetManager.Database\FleetManager.Database.csproj", "{AF92863D-0991-4A8E-9012-E8BEC69FF636}"
EndProject
Project("{9A19103F-16F7-4668-BE54-9A1E7A4F7556}") = "FleetManager.DataAccessLayerTests", "FleetManager.DataAccessLayerTests\FleetManager.DataAccessLayerTests.csproj", "{C79EB4FC-83FE-4B31-A21A-A4053EEB29BD}"
EndProject
Project("{9A19103F-16F7-4668-BE54-9A1E7A4F7556}") = "FleetManager.Entities", "FleetManager.Entities\FleetManager.Entities.csproj", "{B23E8167-2679-438F-BB23-107429873160}"
EndProject
Project("{FAE04EC0-301F-11D3-BF4B-00C04F79EFBC}") = "FleetManager.WebAPI", "FleetManager.WebAPI\FleetManager.WebAPI.csproj", "{44ED9CF2-A56A-467D-9D10-61F802FD5D96}"
EndProject
Project("{FAE04EC0-301F-11D3-BF4B-00C04F79EFBC}") = "FleetManager.WebAPITests", "FleetManager.WebAPITests\FleetManager.WebAPITests.csproj", "{4015C766-364D-467A-950E-043F86BB9DE4}"
EndProject
Global
	GlobalSection(SolutionConfigurationPlatforms) = preSolution
		Debug|Any CPU = Debug|Any CPU
		Release|Any CPU = Release|Any CPU
	EndGlobalSection
	GlobalSection(ProjectConfigurationPlatforms) = postSolution
		{8BA1D777-E666-4DE8-8304-20B3DBD69D8F}.Debug|Any CPU.ActiveCfg = Debug|Any CPU
		{8BA1D777-E666-4DE8-8304-20B3DBD69D8F}.Debug|Any CPU.Build.0 = Debug|Any CPU
		{8BA1D777-E666-4DE8-8304-20B3DBD69D8F}.Release|Any CPU.ActiveCfg = Release|Any CPU
		{8BA1D777-E666-4DE8-8304-20B3DBD69D8F}.Release|Any CPU.Build.0 = Release|Any CPU
		{AF92863D-0991-4A8E-9012-E8BEC69FF636}.Debug|Any CPU.ActiveCfg = Debug|Any CPU
		{AF92863D-0991-4A8E-9012-E8BEC69FF636}.Debug|Any CPU.Build.0 = Debug|Any CPU
		{AF92863D-0991-4A8E-9012-E8BEC69FF636}.Release|Any CPU.ActiveCfg = Release|Any CPU
		{AF92863D-0991-4A8E-9012-E8BEC69FF636}.Release|Any CPU.Build.0 = Release|Any CPU
		{C79EB4FC-83FE-4B31-A21A-A4053EEB29BD}.Debug|Any CPU.ActiveCfg = Debug|Any CPU
		{C79EB4FC-83FE-4B31-A21A-A4053EEB29BD}.Debug|Any CPU.Build.0 = Debug|Any CPU
		{C79EB4FC-83FE-4B31-A21A-A4053EEB29BD}.Release|Any CPU.ActiveCfg = Release|Any CPU
		{C79EB4FC-83FE-4B31-A21A-A4053EEB29BD}.Release|Any CPU.Build.0 = Release|Any CPU
		{B23E8167-2679-438F-BB23-107429873160}.Debug|Any CPU.ActiveCfg = Debug|Any CPU
		{B23E8167-2679-438F-BB23-107429873160}.Debug|Any CPU.Build.0 = Debug|Any CPU
		{B23E8167-2679-438F-BB23-107429873160}.Release|Any CPU.ActiveCfg = Release|Any CPU
		{B23E8167-2679-438F-BB23-107429873160}.Release|Any CPU.Build.0 = Release|Any CPU
		{44ED9CF2-A56A-467D-9D10-61F802FD5D96}.Debug|Any CPU.ActiveCfg = Debug|Any CPU
		{44ED9CF2-A56A-467D-9D10-61F802FD5D96}.Debug|Any CPU.Build.0 = Debug|Any CPU
		{44ED9CF2-A56A-467D-9D10-61F802FD5D96}.Release|Any CPU.ActiveCfg = Release|Any CPU
		{44ED9CF2-A56A-467D-9D10-61F802FD5D96}.Release|Any CPU.Build.0 = Release|Any CPU
		{4015C766-364D-467A-950E-043F86BB9DE4}.Debug|Any CPU.ActiveCfg = Debug|Any CPU
		{4015C766-364D-467A-950E-043F86BB9DE4}.Debug|Any CPU.Build.0 = Debug|Any CPU
		{4015C766-364D-467A-950E-043F86BB9DE4}.Release|Any CPU.ActiveCfg = Release|Any CPU
		{4015C766-364D-467A-950E-043F86BB9DE4}.Release|Any CPU.Build.0 = Release|Any CPU
	EndGlobalSection
	GlobalSection(SolutionProperties) = preSolution
		HideSolutionNode = FALSE
	EndGlobalSection
	GlobalSection(ExtensibilityGlobals) = postSolution
		SolutionGuid = {743BF0C8-DC5F-422B-9F58-F8E505606CE9}
	EndGlobalSection
EndGlobal
